// !$*UTF8*$!
{
	archiveVersion = 1;
	classes = {
	};
	objectVersion = 46;
	objects = {

/* Begin PBXBuildFile section */
		718EE39022ED67AFE78195CB /* libPods-MeaningOfAcronyms.a in Frameworks */ = {isa = PBXBuildFile; fileRef = 11164CE50191969A921DB0A9 /* libPods-MeaningOfAcronyms.a */; };
		75362AA31E068D2A00C5FD62 /* main.m in Sources */ = {isa = PBXBuildFile; fileRef = 75362AA21E068D2A00C5FD62 /* main.m */; };
		75362AA61E068D2A00C5FD62 /* AppDelegate.m in Sources */ = {isa = PBXBuildFile; fileRef = 75362AA51E068D2A00C5FD62 /* AppDelegate.m */; };
		75362AA91E068D2A00C5FD62 /* ViewController.m in Sources */ = {isa = PBXBuildFile; fileRef = 75362AA81E068D2A00C5FD62 /* ViewController.m */; };
		75362AAC1E068D2A00C5FD62 /* Main.storyboard in Resources */ = {isa = PBXBuildFile; fileRef = 75362AAA1E068D2A00C5FD62 /* Main.storyboard */; };
		75362AAE1E068D2A00C5FD62 /* Assets.xcassets in Resources */ = {isa = PBXBuildFile; fileRef = 75362AAD1E068D2A00C5FD62 /* Assets.xcassets */; };
		75362AB11E068D2A00C5FD62 /* LaunchScreen.storyboard in Resources */ = {isa = PBXBuildFile; fileRef = 75362AAF1E068D2A00C5FD62 /* LaunchScreen.storyboard */; };
/* End PBXBuildFile section */

/* Begin PBXFileReference section */
		11164CE50191969A921DB0A9 /* libPods-MeaningOfAcronyms.a */ = {isa = PBXFileReference; explicitFileType = archive.ar; includeInIndex = 0; path = "libPods-MeaningOfAcronyms.a"; sourceTree = BUILT_PRODUCTS_DIR; };
		258913B49A295FFF93C64884 /* Pods-MeaningOfAcronyms.debug.xcconfig */ = {isa = PBXFileReference; includeInIndex = 1; lastKnownFileType = text.xcconfig; name = "Pods-MeaningOfAcronyms.debug.xcconfig"; path = "Pods/Target Support Files/Pods-MeaningOfAcronyms/Pods-MeaningOfAcronyms.debug.xcconfig"; sourceTree = "<group>"; };
		52363D2CC2B5F584975539C2 /* Pods-MeaningOfAcronyms.release.xcconfig */ = {isa = PBXFileReference; includeInIndex = 1; lastKnownFileType = text.xcconfig; name = "Pods-MeaningOfAcronyms.release.xcconfig"; path = "Pods/Target Support Files/Pods-MeaningOfAcronyms/Pods-MeaningOfAcronyms.release.xcconfig"; sourceTree = "<group>"; };
		75362A9E1E068D2A00C5FD62 /* MeaningOfAcronyms.app */ = {isa = PBXFileReference; explicitFileType = wrapper.application; includeInIndex = 0; path = MeaningOfAcronyms.app; sourceTree = BUILT_PRODUCTS_DIR; };
		75362AA21E068D2A00C5FD62 /* main.m */ = {isa = PBXFileReference; lastKnownFileType = sourcecode.c.objc; path = main.m; sourceTree = "<group>"; };
		75362AA41E068D2A00C5FD62 /* AppDelegate.h */ = {isa = PBXFileReference; lastKnownFileType = sourcecode.c.h; path = AppDelegate.h; sourceTree = "<group>"; };
		75362AA51E068D2A00C5FD62 /* AppDelegate.m */ = {isa = PBXFileReference; lastKnownFileType = sourcecode.c.objc; path = AppDelegate.m; sourceTree = "<group>"; };
		75362AA71E068D2A00C5FD62 /* ViewController.h */ = {isa = PBXFileReference; lastKnownFileType = sourcecode.c.h; path = ViewController.h; sourceTree = "<group>"; };
		75362AA81E068D2A00C5FD62 /* ViewController.m */ = {isa = PBXFileReference; lastKnownFileType = sourcecode.c.objc; path = ViewController.m; sourceTree = "<group>"; };
		75362AAB1E068D2A00C5FD62 /* Base */ = {isa = PBXFileReference; lastKnownFileType = file.storyboard; name = Base; path = Base.lproj/Main.storyboard; sourceTree = "<group>"; };
		75362AAD1E068D2A00C5FD62 /* Assets.xcassets */ = {isa = PBXFileReference; lastKnownFileType = folder.assetcatalog; path = Assets.xcassets; sourceTree = "<group>"; };
		75362AB01E068D2A00C5FD62 /* Base */ = {isa = PBXFileReference; lastKnownFileType = file.storyboard; name = Base; path = Base.lproj/LaunchScreen.storyboard; sourceTree = "<group>"; };
		75362AB21E068D2A00C5FD62 /* Info.plist */ = {isa = PBXFileReference; lastKnownFileType = text.plist.xml; path = Info.plist; sourceTree = "<group>"; };
/* End PBXFileReference section */

/* Begin PBXFrameworksBuildPhase section */
		75362A9B1E068D2A00C5FD62 /* Frameworks */ = {
			isa = PBXFrameworksBuildPhase;
			buildActionMask = 2147483647;
			files = (
				718EE39022ED67AFE78195CB /* libPods-MeaningOfAcronyms.a in Frameworks */,
			);
			runOnlyForDeploymentPostprocessing = 0;
		};
/* End PBXFrameworksBuildPhase section */

/* Begin PBXGroup section */
		75362A951E068D2A00C5FD62 = {
			isa = PBXGroup;
			children = (
				75362AA01E068D2A00C5FD62 /* MeaningOfAcronyms */,
				75362A9F1E068D2A00C5FD62 /* Products */,
				F9C2264B919E31F47C1C23D5 /* Pods */,
				DACE103411925DFB1146D9CA /* Frameworks */,
			);
			sourceTree = "<group>";
		};
		75362A9F1E068D2A00C5FD62 /* Products */ = {
			isa = PBXGroup;
			children = (
				75362A9E1E068D2A00C5FD62 /* MeaningOfAcronyms.app */,
			);
			name = Products;
			sourceTree = "<group>";
		};
		75362AA01E068D2A00C5FD62 /* MeaningOfAcronyms */ = {
			isa = PBXGroup;
			children = (
				75362AA41E068D2A00C5FD62 /* AppDelegate.h */,
				75362AA51E068D2A00C5FD62 /* AppDelegate.m */,
				75362AA71E068D2A00C5FD62 /* ViewController.h */,
				75362AA81E068D2A00C5FD62 /* ViewController.m */,
				75362AAA1E068D2A00C5FD62 /* Main.storyboard */,
				75362AAD1E068D2A00C5FD62 /* Assets.xcassets */,
				75362AAF1E068D2A00C5FD62 /* LaunchScreen.storyboard */,
				75362AB21E068D2A00C5FD62 /* Info.plist */,
				75362AA11E068D2A00C5FD62 /* Supporting Files */,
			);
			path = MeaningOfAcronyms;
			sourceTree = "<group>";
		};
		75362AA11E068D2A00C5FD62 /* Supporting Files */ = {
			isa = PBXGroup;
			children = (
				75362AA21E068D2A00C5FD62 /* main.m */,
			);
			name = "Supporting Files";
			sourceTree = "<group>";
		};
		DACE103411925DFB1146D9CA /* Frameworks */ = {
			isa = PBXGroup;
			children = (
				11164CE50191969A921DB0A9 /* libPods-MeaningOfAcronyms.a */,
			);
			name = Frameworks;
			sourceTree = "<group>";
		};
		F9C2264B919E31F47C1C23D5 /* Pods */ = {
			isa = PBXGroup;
			children = (
				258913B49A295FFF93C64884 /* Pods-MeaningOfAcronyms.debug.xcconfig */,
				52363D2CC2B5F584975539C2 /* Pods-MeaningOfAcronyms.release.xcconfig */,
			);
			name = Pods;
			sourceTree = "<group>";
		};
/* End PBXGroup section */

/* Begin PBXNativeTarget section */
		75362A9D1E068D2A00C5FD62 /* MeaningOfAcronyms */ = {
			isa = PBXNativeTarget;
			buildConfigurationList = 75362AB51E068D2A00C5FD62 /* Build configuration list for PBXNativeTarget "MeaningOfAcronyms" */;
			buildPhases = (
				1CCAFFBA0D3EA6AE07618869 /* [CP] Check Pods Manifest.lock */,
				75362A9A1E068D2A00C5FD62 /* Sources */,
				75362A9B1E068D2A00C5FD62 /* Frameworks */,
				75362A9C1E068D2A00C5FD62 /* Resources */,
				D09DFF86EFC0DADFFFDD4D5C /* [CP] Embed Pods Frameworks */,
				121E87F2921F898F3CCBDDB0 /* [CP] Copy Pods Resources */,
			);
			buildRules = (
			);
			dependencies = (
			);
			name = MeaningOfAcronyms;
			productName = MeaningOfAcronyms;
			productReference = 75362A9E1E068D2A00C5FD62 /* MeaningOfAcronyms.app */;
			productType = "com.apple.product-type.application";
		};
/* End PBXNativeTarget section */

/* Begin PBXProject section */
		75362A961E068D2A00C5FD62 /* Project object */ = {
			isa = PBXProject;
			attributes = {
				LastUpgradeCheck = 0730;
				ORGANIZATIONNAME = karthik;
				TargetAttributes = {
					75362A9D1E068D2A00C5FD62 = {
						CreatedOnToolsVersion = 7.3.1;
					};
				};
			};
			buildConfigurationList = 75362A991E068D2A00C5FD62 /* Build configuration list for PBXProject "MeaningOfAcronyms" */;
			compatibilityVersion = "Xcode 3.2";
			developmentRegion = English;
			hasScannedForEncodings = 0;
			knownRegions = (
				en,
				Base,
			);
			mainGroup = 75362A951E068D2A00C5FD62;
			productRefGroup = 75362A9F1E068D2A00C5FD62 /* Products */;
			projectDirPath = "";
			projectRoot = "";
			targets = (
				75362A9D1E068D2A00C5FD62 /* MeaningOfAcronyms */,
			);
		};
/* End PBXProject section */

/* Begin PBXResourcesBuildPhase section */
		75362A9C1E068D2A00C5FD62 /* Resources */ = {
			isa = PBXResourcesBuildPhase;
			buildActionMask = 2147483647;
			files = (
				75362AB11E068D2A00C5FD62 /* LaunchScreen.storyboard in Resources */,
				75362AAE1E068D2A00C5FD62 /* Assets.xcassets in Resources */,
				75362AAC1E068D2A00C5FD62 /* Main.storyboard in Resources */,
			);
			runOnlyForDeploymentPostprocessing = 0;
		};
/* End PBXResourcesBuildPhase section */

/* Begin PBXShellScriptBuildPhase section */
		121E87F2921F898F3CCBDDB0 /* [CP] Copy Pods Resources */ = {
			isa = PBXShellScriptBuildPhase;
			buildActionMask = 2147483647;
			files = (
			);
			inputPaths = (
			);
			name = "[CP] Copy Pods Resources";
			outputPaths = (
			);
			runOnlyForDeploymentPostprocessing = 0;
			shellPath = /bin/sh;
			shellScript = "\"${SRCROOT}/Pods/Target Support Files/Pods-MeaningOfAcronyms/Pods-MeaningOfAcronyms-resources.sh\"\n";
			showEnvVarsInLog = 0;
		};
		1CCAFFBA0D3EA6AE07618869 /* [CP] Check Pods Manifest.lock */ = {
			isa = PBXShellScriptBuildPhase;
			buildActionMask = 2147483647;
			files = (
			);
			inputPaths = (
			);
			name = "[CP] Check Pods Manifest.lock";
			outputPaths = (
			);
			runOnlyForDeploymentPostprocessing = 0;
			shellPath = /bin/sh;
			shellScript = "diff \"${PODS_ROOT}/../Podfile.lock\" \"${PODS_ROOT}/Manifest.lock\" > /dev/null\nif [[ $? != 0 ]] ; then\n    cat << EOM\nerror: The sandbox is not in sync with the Podfile.lock. Run 'pod install' or update your CocoaPods installation.\nEOM\n    exit 1\nfi\n";
			showEnvVarsInLog = 0;
		};
		D09DFF86EFC0DADFFFDD4D5C /* [CP] Embed Pods Frameworks */ = {
			isa = PBXShellScriptBuildPhase;
			buildActionMask = 2147483647;
			files = (
			);
			inputPaths = (
			);
			name = "[CP] Embed Pods Frameworks";
			outputPaths = (
			);
			runOnlyForDeploymentPostprocessing = 0;
			shellPath = /bin/sh;
			shellScript = "\"${SRCROOT}/Pods/Target Support Files/Pods-MeaningOfAcronyms/Pods-MeaningOfAcronyms-frameworks.sh\"\n";
			showEnvVarsInLog = 0;
		};
/* End PBXShellScriptBuildPhase section */

/* Begin PBXSourcesBuildPhase section */
		75362A9A1E068D2A00C5FD62 /* Sources */ = {
			isa = PBXSourcesBuildPhase;
			buildActionMask = 2147483647;
			files = (
				75362AA91E068D2A00C5FD62 /* ViewController.m in Sources */,
				75362AA61E068D2A00C5FD62 /* AppDelegate.m in Sources */,
				75362AA31E068D2A00C5FD62 /* main.m in Sources */,
			);
			runOnlyForDeploymentPostprocessing = 0;
		};
/* End PBXSourcesBuildPhase section */

/* Begin PBXVariantGroup section */
		75362AAA1E068D2A00C5FD62 /* Main.storyboard */ = {
			isa = PBXVariantGroup;
			children = (
				75362AAB1E068D2A00C5FD62 /* Base */,
			);
			name = Main.storyboard;
			sourceTree = "<group>";
		};
		75362AAF1E068D2A00C5FD62 /* LaunchScreen.storyboard */ = {
			isa = PBXVariantGroup;
			children = (
				75362AB01E068D2A00C5FD62 /* Base */,
			);
			name = LaunchScreen.storyboard;
			sourceTree = "<group>";
		};
/* End PBXVariantGroup section */

/* Begin XCBuildConfiguration section */
		75362AB31E068D2A00C5FD62 /* Debug */ = {
			isa = XCBuildConfiguration;
			buildSettings = {
				ALWAYS_SEARCH_USER_PATHS = NO;
				CLANG_ANALYZER_NONNULL = YES;
				CLANG_CXX_LANGUAGE_STANDARD = "gnu++0x";
				CLANG_CXX_LIBRARY = "libc++";
				CLANG_ENABLE_MODULES = YES;
				CLANG_ENABLE_OBJC_ARC = YES;
				CLANG_WARN_BOOL_CONVERSION = YES;
				CLANG_WARN_CONSTANT_CONVERSION = YES;
				CLANG_WARN_DIRECT_OBJC_ISA_USAGE = YES_ERROR;
				CLANG_WARN_EMPTY_BODY = YES;
				CLANG_WARN_ENUM_CONVERSION = YES;
				CLANG_WARN_INT_CONVERSION = YES;
				CLANG_WARN_OBJC_ROOT_CLASS = YES_ERROR;
				CLANG_WARN_UNREACHABLE_CODE = YES;
				CLANG_WARN__DUPLICATE_METHOD_MATCH = YES;
				"CODE_SIGN_IDENTITY[sdk=iphoneos*]" = "iPhone Developer";
				COPY_PHASE_STRIP = NO;
				DEBUG_INFORMATION_FORMAT = dwarf;
				ENABLE_STRICT_OBJC_MSGSEND = YES;
				ENABLE_TESTABILITY = YES;
				GCC_C_LANGUAGE_STANDARD = gnu99;
				GCC_DYNAMIC_NO_PIC = NO;
				GCC_NO_COMMON_BLOCKS = YES;
				GCC_OPTIMIZATION_LEVEL = 0;
				GCC_PREPROCESSOR_DEFINITIONS = (
					"DEBUG=1",
					"$(inherited)",
				);
				GCC_WARN_64_TO_32_BIT_CONVERSION = YES;
				GCC_WARN_ABOUT_RETURN_TYPE = YES_ERROR;
				GCC_WARN_UNDECLARED_SELECTOR = YES;
				GCC_WARN_UNINITIALIZED_AUTOS = YES_AGGRESSIVE;
				GCC_WARN_UNUSED_FUNCTION = YES;
				GCC_WARN_UNUSED_VARIABLE = YES;
				IPHONEOS_DEPLOYMENT_TARGET = 9.3;
				MTL_ENABLE_DEBUG_INFO = YES;
				ONLY_ACTIVE_ARCH = YES;
				SDKROOT = iphoneos;
			};
			name = Debug;
		};
		75362AB41E068D2A00C5FD62 /* Release */ = {
			isa = XCBuildConfiguration;
			buildSettings = {
				ALWAYS_SEARCH_USER_PATHS = NO;
				CLANG_ANALYZER_NONNULL = YES;
				CLANG_CXX_LANGUAGE_STANDARD = "gnu++0x";
				CLANG_CXX_LIBRARY = "libc++";
				CLANG_ENABLE_MODULES = YES;
				CLANG_ENABLE_OBJC_ARC = YES;
				CLANG_WARN_BOOL_CONVERSION = YES;
				CLANG_WARN_CONSTANT_CONVERSION = YES;
				CLANG_WARN_DIRECT_OBJC_ISA_USAGE = YES_ERROR;
				CLANG_WARN_EMPTY_BODY = YES;
				CLANG_WARN_ENUM_CONVERSION = YES;
				CLANG_WARN_INT_CONVERSION = YES;
				CLANG_WARN_OBJC_ROOT_CLASS = YES_ERROR;
				CLANG_WARN_UNREACHABLE_CODE = YES;
				CLANG_WARN__DUPLICATE_METHOD_MATCH = YES;
				"CODE_SIGN_IDENTITY[sdk=iphoneos*]" = "iPhone Developer";
				COPY_PHASE_STRIP = NO;
				DEBUG_INFORMATION_FORMAT = "dwarf-with-dsym";
				ENABLE_NS_ASSERTIONS = NO;
				ENABLE_STRICT_OBJC_MSGSEND = YES;
				GCC_C_LANGUAGE_STANDARD = gnu99;
				GCC_NO_COMMON_BLOCKS = YES;
				GCC_WARN_64_TO_32_BIT_CONVERSION = YES;
				GCC_WARN_ABOUT_RETURN_TYPE = YES_ERROR;
				GCC_WARN_UNDECLARED_SELECTOR = YES;
				GCC_WARN_UNINITIALIZED_AUTOS = YES_AGGRESSIVE;
				GCC_WARN_UNUSED_FUNCTION = YES;
				GCC_WARN_UNUSED_VARIABLE = YES;
				IPHONEOS_DEPLOYMENT_TARGET = 9.3;
				MTL_ENABLE_DEBUG_INFO = NO;
				SDKROOT = iphoneos;
				VALIDATE_PRODUCT = YES;
			};
			name = Release;
		};
		75362AB61E068D2A00C5FD62 /* Debug */ = {
			isa = XCBuildConfiguration;
			baseConfigurationReference = 258913B49A295FFF93C64884 /* Pods-MeaningOfAcronyms.debug.xcconfig */;
			buildSettings = {
				ASSETCATALOG_COMPILER_APPICON_NAME = AppIcon;
				INFOPLIST_FILE = MeaningOfAcronyms/Info.plist;
				LD_RUNPATH_SEARCH_PATHS = "$(inherited) @executable_path/Frameworks";
				PRODUCT_BUNDLE_IDENTIFIER = com.MeaningOfAcronyms;
				PRODUCT_NAME = "$(TARGET_NAME)";
			};
			name = Debug;
		};
		75362AB71E068D2A00C5FD62 /* Release */ = {
			isa = XCBuildConfiguration;
			baseConfigurationReference = 52363D2CC2B5F584975539C2 /* Pods-MeaningOfAcronyms.release.xcconfig */;
			buildSettings = {
				ASSETCATALOG_COMPILER_APPICON_NAME = AppIcon;
				INFOPLIST_FILE = MeaningOfAcronyms/Info.plist;
				LD_RUNPATH_SEARCH_PATHS = "$(inherited) @executable_path/Frameworks";
				PRODUCT_BUNDLE_IDENTIFIER = com.MeaningOfAcronyms;
				PRODUCT_NAME = "$(TARGET_NAME)";
			};
			name = Release;
		};
/* End XCBuildConfiguration section */

/* Begin XCConfigurationList section */
		75362A991E068D2A00C5FD62 /* Build configuration list for PBXProject "MeaningOfAcronyms" */ = {
			isa = XCConfigurationList;
			buildConfigurations = (
				75362AB31E068D2A00C5FD62 /* Debug */,
				75362AB41E068D2A00C5FD62 /* Release */,
			);
			defaultConfigurationIsVisible = 0;
			defaultConfigurationName = Release;
		};
		75362AB51E068D2A00C5FD62 /* Build configuration list for PBXNativeTarget "MeaningOfAcronyms" */ = {
			isa = XCConfigurationList;
			buildConfigurations = (
				75362AB61E068D2A00C5FD62 /* Debug */,
				75362AB71E068D2A00C5FD62 /* Release */,
			);
			defaultConfigurationIsVisible = 0;
			defaultConfigurationName = Release;
		};
/* End XCConfigurationList section */
	};
	rootObject = 75362A961E068D2A00C5FD62 /* Project object */;
}
